
Microsoft Visual Studio Solution File, Format Version 12.00
# Visual Studio Version 16
VisualStudioVersion = 17.0.31611.283
MinimumVisualStudioVersion = 10.0.40219.1
Project("{9A19103F-16F7-4668-BE54-9A1E7A4F7556}") = "maui-mvvm-lol", "maui-mvvm-lol\maui-mvvm-lol.csproj", "{3B1D3166-A9C8-4AF8-A5A0-DB5075CB7716}"
EndProject
Project("{FAE04EC0-301F-11D3-BF4B-00C04F79EFBC}") = "Model", "..\..\..\Downloads\mvvm_custom_lol\Sources\Model\Model.csproj", "{C0D53802-C822-4B97-A412-12A810ADCB0E}"
EndProject
Project("{FAE04EC0-301F-11D3-BF4B-00C04F79EFBC}") = "Shared", "..\..\..\Downloads\mvvm_custom_lol\Sources\Shared\Shared.csproj", "{0BBC9BA5-161F-4233-8D41-317EA72D775E}"
EndProject
Project("{FAE04EC0-301F-11D3-BF4B-00C04F79EFBC}") = "StubLib", "..\..\..\Downloads\mvvm_custom_lol\Sources\StubLib\StubLib.csproj", "{F86436BF-F610-458B-94E2-8174CDE0F701}"
EndProject
Project("{FAE04EC0-301F-11D3-BF4B-00C04F79EFBC}") = "ConsoleTests", "..\..\..\Downloads\mvvm_custom_lol\Sources\Tests\ConsoleTests\ConsoleTests.csproj", "{442F7134-BF1A-43C3-9ECA-C38D6A670578}"
EndProject
Global
	GlobalSection(SolutionConfigurationPlatforms) = preSolution
		Debug|Any CPU = Debug|Any CPU
		Release|Any CPU = Release|Any CPU
	EndGlobalSection
	GlobalSection(ProjectConfigurationPlatforms) = postSolution
		{3B1D3166-A9C8-4AF8-A5A0-DB5075CB7716}.Debug|Any CPU.ActiveCfg = Debug|Any CPU
		{3B1D3166-A9C8-4AF8-A5A0-DB5075CB7716}.Debug|Any CPU.Build.0 = Debug|Any CPU
		{3B1D3166-A9C8-4AF8-A5A0-DB5075CB7716}.Debug|Any CPU.Deploy.0 = Debug|Any CPU
		{3B1D3166-A9C8-4AF8-A5A0-DB5075CB7716}.Release|Any CPU.ActiveCfg = Release|Any CPU
		{3B1D3166-A9C8-4AF8-A5A0-DB5075CB7716}.Release|Any CPU.Build.0 = Release|Any CPU
		{3B1D3166-A9C8-4AF8-A5A0-DB5075CB7716}.Release|Any CPU.Deploy.0 = Release|Any CPU
		{C0D53802-C822-4B97-A412-12A810ADCB0E}.Debug|Any CPU.ActiveCfg = Debug|Any CPU
		{C0D53802-C822-4B97-A412-12A810ADCB0E}.Debug|Any CPU.Build.0 = Debug|Any CPU
		{C0D53802-C822-4B97-A412-12A810ADCB0E}.Release|Any CPU.ActiveCfg = Release|Any CPU
		{C0D53802-C822-4B97-A412-12A810ADCB0E}.Release|Any CPU.Build.0 = Release|Any CPU
		{0BBC9BA5-161F-4233-8D41-317EA72D775E}.Debug|Any CPU.ActiveCfg = Debug|Any CPU
		{0BBC9BA5-161F-4233-8D41-317EA72D775E}.Debug|Any CPU.Build.0 = Debug|Any CPU
		{0BBC9BA5-161F-4233-8D41-317EA72D775E}.Release|Any CPU.ActiveCfg = Release|Any CPU
		{0BBC9BA5-161F-4233-8D41-317EA72D775E}.Release|Any CPU.Build.0 = Release|Any CPU
		{F86436BF-F610-458B-94E2-8174CDE0F701}.Debug|Any CPU.ActiveCfg = Debug|Any CPU
		{F86436BF-F610-458B-94E2-8174CDE0F701}.Debug|Any CPU.Build.0 = Debug|Any CPU
		{F86436BF-F610-458B-94E2-8174CDE0F701}.Release|Any CPU.ActiveCfg = Release|Any CPU
		{F86436BF-F610-458B-94E2-8174CDE0F701}.Release|Any CPU.Build.0 = Release|Any CPU
		{442F7134-BF1A-43C3-9ECA-C38D6A670578}.Debug|Any CPU.ActiveCfg = Debug|Any CPU
		{442F7134-BF1A-43C3-9ECA-C38D6A670578}.Debug|Any CPU.Build.0 = Debug|Any CPU
		{442F7134-BF1A-43C3-9ECA-C38D6A670578}.Release|Any CPU.ActiveCfg = Release|Any CPU
		{442F7134-BF1A-43C3-9ECA-C38D6A670578}.Release|Any CPU.Build.0 = Release|Any CPU
	EndGlobalSection
	GlobalSection(SolutionProperties) = preSolution
		HideSolutionNode = FALSE
	EndGlobalSection
	GlobalSection(ExtensibilityGlobals) = postSolution
		SolutionGuid = {61F7FB11-1E47-470C-91E2-47F8143E1572}
	EndGlobalSection
EndGlobal
